// !$*UTF8*$!
{
	archiveVersion = 1;
	classes = {
	};
	objectVersion = 46;
	objects = {

/* Begin PBXBuildFile section */
		1766A90418B0D0EA00431658 /* VWURLConnectionOperation.m in Sources */ = {isa = PBXBuildFile; fileRef = 1766A90318B0D0EA00431658 /* VWURLConnectionOperation.m */; };
		1766A90818B0D2C900431658 /* VWHTTPResponseSerializer.m in Sources */ = {isa = PBXBuildFile; fileRef = 1766A90718B0D2C900431658 /* VWHTTPResponseSerializer.m */; };
		1766A90B18B0D34800431658 /* VWHTTPDownloadResponseSerializer.m in Sources */ = {isa = PBXBuildFile; fileRef = 1766A90A18B0D34800431658 /* VWHTTPDownloadResponseSerializer.m */; };
		1766A90E18B0D3F800431658 /* VWHTTPRequestOperation.m in Sources */ = {isa = PBXBuildFile; fileRef = 1766A90D18B0D3F800431658 /* VWHTTPRequestOperation.m */; };
		1766A91118B0D41E00431658 /* VWHTTPDownloadRequestOperation.m in Sources */ = {isa = PBXBuildFile; fileRef = 1766A91018B0D41E00431658 /* VWHTTPDownloadRequestOperation.m */; };
		1766A91718B0E03B00431658 /* VWObjectMapping.m in Sources */ = {isa = PBXBuildFile; fileRef = 1766A91618B0E03B00431658 /* VWObjectMapping.m */; };
		1766A91A18B0E16C00431658 /* VWObjectAttributeMapping.m in Sources */ = {isa = PBXBuildFile; fileRef = 1766A91918B0E16C00431658 /* VWObjectAttributeMapping.m */; };
		1766A91D18B0E55300431658 /* VWObjectRelationShipMapping.m in Sources */ = {isa = PBXBuildFile; fileRef = 1766A91C18B0E55300431658 /* VWObjectRelationShipMapping.m */; };
		1766A94D18B0E96200431658 /* ActiveSupportInflector.m in Sources */ = {isa = PBXBuildFile; fileRef = 1766A92318B0E96200431658 /* ActiveSupportInflector.m */; };
		1766A94F18B0E96200431658 /* RegexKitLite.m in Sources */ = {isa = PBXBuildFile; fileRef = 1766A92918B0E96200431658 /* RegexKitLite.m */; settings = {COMPILER_FLAGS = "-fno-objc-arc"; }; };
		1766A95018B0E96200431658 /* NSData+Additions.m in Sources */ = {isa = PBXBuildFile; fileRef = 1766A92B18B0E96200431658 /* NSData+Additions.m */; };
		1766A95118B0E96200431658 /* NSObject+PropertySupport.m in Sources */ = {isa = PBXBuildFile; fileRef = 1766A92D18B0E96200431658 /* NSObject+PropertySupport.m */; };
		1766A95218B0E96200431658 /* NSString+GSub.m in Sources */ = {isa = PBXBuildFile; fileRef = 1766A92F18B0E96200431658 /* NSString+GSub.m */; };
		1766A95318B0E96200431658 /* NSUserDefaults+CurrentUser.m in Sources */ = {isa = PBXBuildFile; fileRef = 1766A93118B0E96200431658 /* NSUserDefaults+CurrentUser.m */; };
		1766A95418B0E96200431658 /* ObjectiveResourceDateFormatter.m in Sources */ = {isa = PBXBuildFile; fileRef = 1766A93318B0E96200431658 /* ObjectiveResourceDateFormatter.m */; };
		1766A95518B0E96200431658 /* NSObject+SBJSON.m in Sources */ = {isa = PBXBuildFile; fileRef = 1766A93818B0E96200431658 /* NSObject+SBJSON.m */; settings = {COMPILER_FLAGS = "-fno-objc-arc"; }; };
		1766A95618B0E96200431658 /* NSString+SBJSON.m in Sources */ = {isa = PBXBuildFile; fileRef = 1766A93A18B0E96200431658 /* NSString+SBJSON.m */; settings = {COMPILER_FLAGS = "-fno-objc-arc"; }; };
		1766A95718B0E96200431658 /* SBJSON.m in Sources */ = {isa = PBXBuildFile; fileRef = 1766A93C18B0E96200431658 /* SBJSON.m */; settings = {COMPILER_FLAGS = "-fno-objc-arc"; }; };
		1766A95818B0E96200431658 /* SBJsonBase.m in Sources */ = {isa = PBXBuildFile; fileRef = 1766A93E18B0E96200431658 /* SBJsonBase.m */; settings = {COMPILER_FLAGS = "-fno-objc-arc"; }; };
		1766A95918B0E96200431658 /* SBJsonParser.m in Sources */ = {isa = PBXBuildFile; fileRef = 1766A94018B0E96200431658 /* SBJsonParser.m */; settings = {COMPILER_FLAGS = "-fno-objc-arc"; }; };
		1766A95A18B0E96200431658 /* SBJsonWriter.m in Sources */ = {isa = PBXBuildFile; fileRef = 1766A94218B0E96200431658 /* SBJsonWriter.m */; settings = {COMPILER_FLAGS = "-fno-objc-arc"; }; };
		1766A95B18B0E96200431658 /* NSDate+Serialize.m in Sources */ = {isa = PBXBuildFile; fileRef = 1766A94518B0E96200431658 /* NSDate+Serialize.m */; };
		1766A95C18B0E96200431658 /* NSDictionary+KeyTranslation.m in Sources */ = {isa = PBXBuildFile; fileRef = 1766A94718B0E96200431658 /* NSDictionary+KeyTranslation.m */; };
		1766A95D18B0E96200431658 /* NSObject+Serialize.m in Sources */ = {isa = PBXBuildFile; fileRef = 1766A94918B0E96200431658 /* NSObject+Serialize.m */; };
		1766A95E18B0E96200431658 /* NSString+Serialize.m in Sources */ = {isa = PBXBuildFile; fileRef = 1766A94B18B0E96200431658 /* NSString+Serialize.m */; };
		1766A96118B0EDD800431658 /* VWHTTPUploadRequestOperation.m in Sources */ = {isa = PBXBuildFile; fileRef = 1766A96018B0EDD800431658 /* VWHTTPUploadRequestOperation.m */; };
		1766A96418B0F4BB00431658 /* VWHTTPRestClientService.m in Sources */ = {isa = PBXBuildFile; fileRef = 1766A96318B0F4BB00431658 /* VWHTTPRestClientService.m */; };
		177EA6BA18B0AD3D00B0730B /* Foundation.framework in Frameworks */ = {isa = PBXBuildFile; fileRef = 177EA6B918B0AD3D00B0730B /* Foundation.framework */; };
		177EA6BF18B0AD3D00B0730B /* VWHTTPClient.h in CopyFiles */ = {isa = PBXBuildFile; fileRef = 177EA6BE18B0AD3D00B0730B /* VWHTTPClient.h */; };
		177EA6C118B0AD3D00B0730B /* VWHTTPClient.m in Sources */ = {isa = PBXBuildFile; fileRef = 177EA6C018B0AD3D00B0730B /* VWHTTPClient.m */; };
		177EA6C818B0AD3D00B0730B /* XCTest.framework in Frameworks */ = {isa = PBXBuildFile; fileRef = 177EA6C718B0AD3D00B0730B /* XCTest.framework */; };
		177EA6C918B0AD3D00B0730B /* Foundation.framework in Frameworks */ = {isa = PBXBuildFile; fileRef = 177EA6B918B0AD3D00B0730B /* Foundation.framework */; };
		177EA6CB18B0AD3D00B0730B /* UIKit.framework in Frameworks */ = {isa = PBXBuildFile; fileRef = 177EA6CA18B0AD3D00B0730B /* UIKit.framework */; };
		177EA6CE18B0AD3D00B0730B /* libVWHTTPClient.a in Frameworks */ = {isa = PBXBuildFile; fileRef = 177EA6B618B0AD3D00B0730B /* libVWHTTPClient.a */; };
		177EA6D418B0AD3D00B0730B /* InfoPlist.strings in Resources */ = {isa = PBXBuildFile; fileRef = 177EA6D218B0AD3D00B0730B /* InfoPlist.strings */; };
		177EA6D618B0AD3D00B0730B /* VWHTTPClientTests.m in Sources */ = {isa = PBXBuildFile; fileRef = 177EA6D518B0AD3D00B0730B /* VWHTTPClientTests.m */; };
		7A4EFC6F47D8445A8855B374 /* libPods.a in Frameworks */ = {isa = PBXBuildFile; fileRef = 8F4638C1A9F54435940F4BB0 /* libPods.a */; };
/* End PBXBuildFile section */

/* Begin PBXContainerItemProxy section */
		177EA6CC18B0AD3D00B0730B /* PBXContainerItemProxy */ = {
			isa = PBXContainerItemProxy;
			containerPortal = 177EA6AE18B0AD3D00B0730B /* Project object */;
			proxyType = 1;
			remoteGlobalIDString = 177EA6B518B0AD3D00B0730B;
			remoteInfo = VWHTTPClient;
		};
/* End PBXContainerItemProxy section */

/* Begin PBXCopyFilesBuildPhase section */
		177EA6B418B0AD3D00B0730B /* CopyFiles */ = {
			isa = PBXCopyFilesBuildPhase;
			buildActionMask = 2147483647;
			dstPath = "include/$(PRODUCT_NAME)";
			dstSubfolderSpec = 16;
			files = (
				177EA6BF18B0AD3D00B0730B /* VWHTTPClient.h in CopyFiles */,
			);
			runOnlyForDeploymentPostprocessing = 0;
		};
/* End PBXCopyFilesBuildPhase section */

/* Begin PBXFileReference section */
		1766A90218B0D0EA00431658 /* VWURLConnectionOperation.h */ = {isa = PBXFileReference; fileEncoding = 4; lastKnownFileType = sourcecode.c.h; path = VWURLConnectionOperation.h; sourceTree = "<group>"; };
		1766A90318B0D0EA00431658 /* VWURLConnectionOperation.m */ = {isa = PBXFileReference; fileEncoding = 4; lastKnownFileType = sourcecode.c.objc; path = VWURLConnectionOperation.m; sourceTree = "<group>"; };
		1766A90618B0D2C900431658 /* VWHTTPResponseSerializer.h */ = {isa = PBXFileReference; fileEncoding = 4; lastKnownFileType = sourcecode.c.h; path = VWHTTPResponseSerializer.h; sourceTree = "<group>"; };
		1766A90718B0D2C900431658 /* VWHTTPResponseSerializer.m */ = {isa = PBXFileReference; fileEncoding = 4; lastKnownFileType = sourcecode.c.objc; path = VWHTTPResponseSerializer.m; sourceTree = "<group>"; };
		1766A90918B0D34800431658 /* VWHTTPDownloadResponseSerializer.h */ = {isa = PBXFileReference; fileEncoding = 4; lastKnownFileType = sourcecode.c.h; path = VWHTTPDownloadResponseSerializer.h; sourceTree = "<group>"; };
		1766A90A18B0D34800431658 /* VWHTTPDownloadResponseSerializer.m */ = {isa = PBXFileReference; fileEncoding = 4; lastKnownFileType = sourcecode.c.objc; path = VWHTTPDownloadResponseSerializer.m; sourceTree = "<group>"; };
		1766A90C18B0D3F800431658 /* VWHTTPRequestOperation.h */ = {isa = PBXFileReference; fileEncoding = 4; lastKnownFileType = sourcecode.c.h; path = VWHTTPRequestOperation.h; sourceTree = "<group>"; };
		1766A90D18B0D3F800431658 /* VWHTTPRequestOperation.m */ = {isa = PBXFileReference; fileEncoding = 4; lastKnownFileType = sourcecode.c.objc; path = VWHTTPRequestOperation.m; sourceTree = "<group>"; };
		1766A90F18B0D41E00431658 /* VWHTTPDownloadRequestOperation.h */ = {isa = PBXFileReference; fileEncoding = 4; lastKnownFileType = sourcecode.c.h; path = VWHTTPDownloadRequestOperation.h; sourceTree = "<group>"; };
		1766A91018B0D41E00431658 /* VWHTTPDownloadRequestOperation.m */ = {isa = PBXFileReference; fileEncoding = 4; lastKnownFileType = sourcecode.c.objc; path = VWHTTPDownloadRequestOperation.m; sourceTree = "<group>"; };
		1766A91218B0D47200431658 /* VWHTTPClientConstants.h */ = {isa = PBXFileReference; fileEncoding = 4; lastKnownFileType = sourcecode.c.h; path = VWHTTPClientConstants.h; sourceTree = "<group>"; };
		1766A91518B0E03B00431658 /* VWObjectMapping.h */ = {isa = PBXFileReference; fileEncoding = 4; lastKnownFileType = sourcecode.c.h; path = VWObjectMapping.h; sourceTree = "<group>"; };
		1766A91618B0E03B00431658 /* VWObjectMapping.m */ = {isa = PBXFileReference; fileEncoding = 4; lastKnownFileType = sourcecode.c.objc; path = VWObjectMapping.m; sourceTree = "<group>"; };
		1766A91818B0E16C00431658 /* VWObjectAttributeMapping.h */ = {isa = PBXFileReference; fileEncoding = 4; lastKnownFileType = sourcecode.c.h; path = VWObjectAttributeMapping.h; sourceTree = "<group>"; };
		1766A91918B0E16C00431658 /* VWObjectAttributeMapping.m */ = {isa = PBXFileReference; fileEncoding = 4; lastKnownFileType = sourcecode.c.objc; path = VWObjectAttributeMapping.m; sourceTree = "<group>"; };
		1766A91B18B0E55300431658 /* VWObjectRelationShipMapping.h */ = {isa = PBXFileReference; fileEncoding = 4; lastKnownFileType = sourcecode.c.h; path = VWObjectRelationShipMapping.h; sourceTree = "<group>"; };
		1766A91C18B0E55300431658 /* VWObjectRelationShipMapping.m */ = {isa = PBXFileReference; fileEncoding = 4; lastKnownFileType = sourcecode.c.objc; path = VWObjectRelationShipMapping.m; sourceTree = "<group>"; };
		1766A92018B0E96200431658 /* CoreSupport.h */ = {isa = PBXFileReference; fileEncoding = 4; lastKnownFileType = sourcecode.c.h; path = CoreSupport.h; sourceTree = "<group>"; };
		1766A92218B0E96200431658 /* ActiveSupportInflector.h */ = {isa = PBXFileReference; fileEncoding = 4; lastKnownFileType = sourcecode.c.h; path = ActiveSupportInflector.h; sourceTree = "<group>"; };
		1766A92318B0E96200431658 /* ActiveSupportInflector.m */ = {isa = PBXFileReference; fileEncoding = 4; lastKnownFileType = sourcecode.c.objc; path = ActiveSupportInflector.m; sourceTree = "<group>"; };
		1766A92418B0E96200431658 /* ActiveSupportInflector.plist */ = {isa = PBXFileReference; lastKnownFileType = text.plist; path = ActiveSupportInflector.plist; sourceTree = "<group>"; };
		1766A92718B0E96200431658 /* RegexKitLite-License.rtf */ = {isa = PBXFileReference; fileEncoding = 4; lastKnownFileType = text.rtf; path = "RegexKitLite-License.rtf"; sourceTree = "<group>"; };
		1766A92818B0E96200431658 /* RegexKitLite.h */ = {isa = PBXFileReference; fileEncoding = 4; lastKnownFileType = sourcecode.c.h; path = RegexKitLite.h; sourceTree = "<group>"; };
		1766A92918B0E96200431658 /* RegexKitLite.m */ = {isa = PBXFileReference; fileEncoding = 4; lastKnownFileType = sourcecode.c.objc; path = RegexKitLite.m; sourceTree = "<group>"; };
		1766A92A18B0E96200431658 /* NSData+Additions.h */ = {isa = PBXFileReference; fileEncoding = 4; lastKnownFileType = sourcecode.c.h; path = "NSData+Additions.h"; sourceTree = "<group>"; };
		1766A92B18B0E96200431658 /* NSData+Additions.m */ = {isa = PBXFileReference; fileEncoding = 4; lastKnownFileType = sourcecode.c.objc; path = "NSData+Additions.m"; sourceTree = "<group>"; };
		1766A92C18B0E96200431658 /* NSObject+PropertySupport.h */ = {isa = PBXFileReference; fileEncoding = 4; lastKnownFileType = sourcecode.c.h; path = "NSObject+PropertySupport.h"; sourceTree = "<group>"; };
		1766A92D18B0E96200431658 /* NSObject+PropertySupport.m */ = {isa = PBXFileReference; fileEncoding = 4; lastKnownFileType = sourcecode.c.objc; path = "NSObject+PropertySupport.m"; sourceTree = "<group>"; };
		1766A92E18B0E96200431658 /* NSString+GSub.h */ = {isa = PBXFileReference; fileEncoding = 4; lastKnownFileType = sourcecode.c.h; path = "NSString+GSub.h"; sourceTree = "<group>"; };
		1766A92F18B0E96200431658 /* NSString+GSub.m */ = {isa = PBXFileReference; fileEncoding = 4; lastKnownFileType = sourcecode.c.objc; path = "NSString+GSub.m"; sourceTree = "<group>"; };
		1766A93018B0E96200431658 /* NSUserDefaults+CurrentUser.h */ = {isa = PBXFileReference; fileEncoding = 4; lastKnownFileType = sourcecode.c.h; path = "NSUserDefaults+CurrentUser.h"; sourceTree = "<group>"; };
		1766A93118B0E96200431658 /* NSUserDefaults+CurrentUser.m */ = {isa = PBXFileReference; fileEncoding = 4; lastKnownFileType = sourcecode.c.objc; path = "NSUserDefaults+CurrentUser.m"; sourceTree = "<group>"; };
		1766A93218B0E96200431658 /* ObjectiveResourceDateFormatter.h */ = {isa = PBXFileReference; fileEncoding = 4; lastKnownFileType = sourcecode.c.h; path = ObjectiveResourceDateFormatter.h; sourceTree = "<group>"; };
		1766A93318B0E96200431658 /* ObjectiveResourceDateFormatter.m */ = {isa = PBXFileReference; fileEncoding = 4; lastKnownFileType = sourcecode.c.objc; path = ObjectiveResourceDateFormatter.m; sourceTree = "<group>"; };
		1766A93418B0E96200431658 /* ObjectiveSupport.h */ = {isa = PBXFileReference; fileEncoding = 4; lastKnownFileType = sourcecode.c.h; path = ObjectiveSupport.h; sourceTree = "<group>"; };
		1766A93618B0E96200431658 /* JSON.h */ = {isa = PBXFileReference; fileEncoding = 4; lastKnownFileType = sourcecode.c.h; path = JSON.h; sourceTree = "<group>"; };
		1766A93718B0E96200431658 /* NSObject+SBJSON.h */ = {isa = PBXFileReference; fileEncoding = 4; lastKnownFileType = sourcecode.c.h; path = "NSObject+SBJSON.h"; sourceTree = "<group>"; };
		1766A93818B0E96200431658 /* NSObject+SBJSON.m */ = {isa = PBXFileReference; fileEncoding = 4; lastKnownFileType = sourcecode.c.objc; path = "NSObject+SBJSON.m"; sourceTree = "<group>"; };
		1766A93918B0E96200431658 /* NSString+SBJSON.h */ = {isa = PBXFileReference; fileEncoding = 4; lastKnownFileType = sourcecode.c.h; path = "NSString+SBJSON.h"; sourceTree = "<group>"; };
		1766A93A18B0E96200431658 /* NSString+SBJSON.m */ = {isa = PBXFileReference; fileEncoding = 4; lastKnownFileType = sourcecode.c.objc; path = "NSString+SBJSON.m"; sourceTree = "<group>"; };
		1766A93B18B0E96200431658 /* SBJSON.h */ = {isa = PBXFileReference; fileEncoding = 4; lastKnownFileType = sourcecode.c.h; path = SBJSON.h; sourceTree = "<group>"; };
		1766A93C18B0E96200431658 /* SBJSON.m */ = {isa = PBXFileReference; fileEncoding = 4; lastKnownFileType = sourcecode.c.objc; path = SBJSON.m; sourceTree = "<group>"; };
		1766A93D18B0E96200431658 /* SBJsonBase.h */ = {isa = PBXFileReference; fileEncoding = 4; lastKnownFileType = sourcecode.c.h; path = SBJsonBase.h; sourceTree = "<group>"; };
		1766A93E18B0E96200431658 /* SBJsonBase.m */ = {isa = PBXFileReference; fileEncoding = 4; lastKnownFileType = sourcecode.c.objc; path = SBJsonBase.m; sourceTree = "<group>"; };
		1766A93F18B0E96200431658 /* SBJsonParser.h */ = {isa = PBXFileReference; fileEncoding = 4; lastKnownFileType = sourcecode.c.h; path = SBJsonParser.h; sourceTree = "<group>"; };
		1766A94018B0E96200431658 /* SBJsonParser.m */ = {isa = PBXFileReference; fileEncoding = 4; lastKnownFileType = sourcecode.c.objc; path = SBJsonParser.m; sourceTree = "<group>"; };
		1766A94118B0E96200431658 /* SBJsonWriter.h */ = {isa = PBXFileReference; fileEncoding = 4; lastKnownFileType = sourcecode.c.h; path = SBJsonWriter.h; sourceTree = "<group>"; };
		1766A94218B0E96200431658 /* SBJsonWriter.m */ = {isa = PBXFileReference; fileEncoding = 4; lastKnownFileType = sourcecode.c.objc; path = SBJsonWriter.m; sourceTree = "<group>"; };
		1766A94418B0E96200431658 /* NSDate+Serialize.h */ = {isa = PBXFileReference; fileEncoding = 4; lastKnownFileType = sourcecode.c.h; path = "NSDate+Serialize.h"; sourceTree = "<group>"; };
		1766A94518B0E96200431658 /* NSDate+Serialize.m */ = {isa = PBXFileReference; fileEncoding = 4; lastKnownFileType = sourcecode.c.objc; path = "NSDate+Serialize.m"; sourceTree = "<group>"; };
		1766A94618B0E96200431658 /* NSDictionary+KeyTranslation.h */ = {isa = PBXFileReference; fileEncoding = 4; lastKnownFileType = sourcecode.c.h; path = "NSDictionary+KeyTranslation.h"; sourceTree = "<group>"; };
		1766A94718B0E96200431658 /* NSDictionary+KeyTranslation.m */ = {isa = PBXFileReference; fileEncoding = 4; lastKnownFileType = sourcecode.c.objc; path = "NSDictionary+KeyTranslation.m"; sourceTree = "<group>"; };
		1766A94818B0E96200431658 /* NSObject+Serialize.h */ = {isa = PBXFileReference; fileEncoding = 4; lastKnownFileType = sourcecode.c.h; path = "NSObject+Serialize.h"; sourceTree = "<group>"; };
		1766A94918B0E96200431658 /* NSObject+Serialize.m */ = {isa = PBXFileReference; fileEncoding = 4; lastKnownFileType = sourcecode.c.objc; path = "NSObject+Serialize.m"; sourceTree = "<group>"; };
		1766A94A18B0E96200431658 /* NSString+Serialize.h */ = {isa = PBXFileReference; fileEncoding = 4; lastKnownFileType = sourcecode.c.h; path = "NSString+Serialize.h"; sourceTree = "<group>"; };
		1766A94B18B0E96200431658 /* NSString+Serialize.m */ = {isa = PBXFileReference; fileEncoding = 4; lastKnownFileType = sourcecode.c.objc; path = "NSString+Serialize.m"; sourceTree = "<group>"; };
		1766A94C18B0E96200431658 /* Serialize.h */ = {isa = PBXFileReference; fileEncoding = 4; lastKnownFileType = sourcecode.c.h; path = Serialize.h; sourceTree = "<group>"; };
		1766A95F18B0EDD800431658 /* VWHTTPUploadRequestOperation.h */ = {isa = PBXFileReference; fileEncoding = 4; lastKnownFileType = sourcecode.c.h; path = VWHTTPUploadRequestOperation.h; sourceTree = "<group>"; };
		1766A96018B0EDD800431658 /* VWHTTPUploadRequestOperation.m */ = {isa = PBXFileReference; fileEncoding = 4; lastKnownFileType = sourcecode.c.objc; path = VWHTTPUploadRequestOperation.m; sourceTree = "<group>"; };
		1766A96218B0F4BB00431658 /* VWHTTPRestClientService.h */ = {isa = PBXFileReference; fileEncoding = 4; lastKnownFileType = sourcecode.c.h; path = VWHTTPRestClientService.h; sourceTree = "<group>"; };
		1766A96318B0F4BB00431658 /* VWHTTPRestClientService.m */ = {isa = PBXFileReference; fileEncoding = 4; lastKnownFileType = sourcecode.c.objc; path = VWHTTPRestClientService.m; sourceTree = "<group>"; };
		177EA6B618B0AD3D00B0730B /* libVWHTTPClient.a */ = {isa = PBXFileReference; explicitFileType = archive.ar; includeInIndex = 0; path = libVWHTTPClient.a; sourceTree = BUILT_PRODUCTS_DIR; };
		177EA6B918B0AD3D00B0730B /* Foundation.framework */ = {isa = PBXFileReference; lastKnownFileType = wrapper.framework; name = Foundation.framework; path = System/Library/Frameworks/Foundation.framework; sourceTree = SDKROOT; };
		177EA6BD18B0AD3D00B0730B /* VWHTTPClient-Prefix.pch */ = {isa = PBXFileReference; lastKnownFileType = sourcecode.c.h; path = "VWHTTPClient-Prefix.pch"; sourceTree = "<group>"; };
		177EA6BE18B0AD3D00B0730B /* VWHTTPClient.h */ = {isa = PBXFileReference; lastKnownFileType = sourcecode.c.h; path = VWHTTPClient.h; sourceTree = "<group>"; };
		177EA6C018B0AD3D00B0730B /* VWHTTPClient.m */ = {isa = PBXFileReference; lastKnownFileType = sourcecode.c.objc; path = VWHTTPClient.m; sourceTree = "<group>"; };
		177EA6C618B0AD3D00B0730B /* VWHTTPClientTests.xctest */ = {isa = PBXFileReference; explicitFileType = wrapper.cfbundle; includeInIndex = 0; path = VWHTTPClientTests.xctest; sourceTree = BUILT_PRODUCTS_DIR; };
		177EA6C718B0AD3D00B0730B /* XCTest.framework */ = {isa = PBXFileReference; lastKnownFileType = wrapper.framework; name = XCTest.framework; path = Library/Frameworks/XCTest.framework; sourceTree = DEVELOPER_DIR; };
		177EA6CA18B0AD3D00B0730B /* UIKit.framework */ = {isa = PBXFileReference; lastKnownFileType = wrapper.framework; name = UIKit.framework; path = Library/Frameworks/UIKit.framework; sourceTree = DEVELOPER_DIR; };
		177EA6D118B0AD3D00B0730B /* VWHTTPClientTests-Info.plist */ = {isa = PBXFileReference; lastKnownFileType = text.plist.xml; path = "VWHTTPClientTests-Info.plist"; sourceTree = "<group>"; };
		177EA6D318B0AD3D00B0730B /* en */ = {isa = PBXFileReference; lastKnownFileType = text.plist.strings; name = en; path = en.lproj/InfoPlist.strings; sourceTree = "<group>"; };
		177EA6D518B0AD3D00B0730B /* VWHTTPClientTests.m */ = {isa = PBXFileReference; lastKnownFileType = sourcecode.c.objc; path = VWHTTPClientTests.m; sourceTree = "<group>"; };
		8F4638C1A9F54435940F4BB0 /* libPods.a */ = {isa = PBXFileReference; explicitFileType = archive.ar; includeInIndex = 0; path = libPods.a; sourceTree = BUILT_PRODUCTS_DIR; };
		C5638E0C0600447E92DDB4A3 /* Pods.xcconfig */ = {isa = PBXFileReference; includeInIndex = 1; lastKnownFileType = text.xcconfig; name = Pods.xcconfig; path = Pods/Pods.xcconfig; sourceTree = "<group>"; };
/* End PBXFileReference section */

/* Begin PBXFrameworksBuildPhase section */
		177EA6B318B0AD3D00B0730B /* Frameworks */ = {
			isa = PBXFrameworksBuildPhase;
			buildActionMask = 2147483647;
			files = (
				177EA6BA18B0AD3D00B0730B /* Foundation.framework in Frameworks */,
				7A4EFC6F47D8445A8855B374 /* libPods.a in Frameworks */,
			);
			runOnlyForDeploymentPostprocessing = 0;
		};
		177EA6C318B0AD3D00B0730B /* Frameworks */ = {
			isa = PBXFrameworksBuildPhase;
			buildActionMask = 2147483647;
			files = (
				177EA6C818B0AD3D00B0730B /* XCTest.framework in Frameworks */,
				177EA6CB18B0AD3D00B0730B /* UIKit.framework in Frameworks */,
				177EA6C918B0AD3D00B0730B /* Foundation.framework in Frameworks */,
				177EA6CE18B0AD3D00B0730B /* libVWHTTPClient.a in Frameworks */,
			);
			runOnlyForDeploymentPostprocessing = 0;
		};
/* End PBXFrameworksBuildPhase section */

/* Begin PBXGroup section */
		1766A90118B0D0AE00431658 /* NSURLConnection */ = {
			isa = PBXGroup;
			children = (
				1766A90218B0D0EA00431658 /* VWURLConnectionOperation.h */,
				1766A90318B0D0EA00431658 /* VWURLConnectionOperation.m */,
				1766A90C18B0D3F800431658 /* VWHTTPRequestOperation.h */,
				1766A90D18B0D3F800431658 /* VWHTTPRequestOperation.m */,
				1766A90F18B0D41E00431658 /* VWHTTPDownloadRequestOperation.h */,
				1766A91018B0D41E00431658 /* VWHTTPDownloadRequestOperation.m */,
				1766A95F18B0EDD800431658 /* VWHTTPUploadRequestOperation.h */,
				1766A96018B0EDD800431658 /* VWHTTPUploadRequestOperation.m */,
			);
			name = NSURLConnection;
			sourceTree = "<group>";
		};
		1766A90518B0D29700431658 /* Serialization */ = {
			isa = PBXGroup;
			children = (
				1766A90618B0D2C900431658 /* VWHTTPResponseSerializer.h */,
				1766A90718B0D2C900431658 /* VWHTTPResponseSerializer.m */,
				1766A90918B0D34800431658 /* VWHTTPDownloadResponseSerializer.h */,
				1766A90A18B0D34800431658 /* VWHTTPDownloadResponseSerializer.m */,
			);
			name = Serialization;
			sourceTree = "<group>";
		};
		1766A91318B0E01900431658 /* ObjectMapper */ = {
			isa = PBXGroup;
			children = (
				1766A91E18B0E96200431658 /* objective_support */,
				1766A91418B0E01900431658 /* Mapping */,
			);
			path = ObjectMapper;
			sourceTree = "<group>";
		};
		1766A91418B0E01900431658 /* Mapping */ = {
			isa = PBXGroup;
			children = (
				1766A91518B0E03B00431658 /* VWObjectMapping.h */,
				1766A91618B0E03B00431658 /* VWObjectMapping.m */,
				1766A91818B0E16C00431658 /* VWObjectAttributeMapping.h */,
				1766A91918B0E16C00431658 /* VWObjectAttributeMapping.m */,
				1766A91B18B0E55300431658 /* VWObjectRelationShipMapping.h */,
				1766A91C18B0E55300431658 /* VWObjectRelationShipMapping.m */,
			);
			path = Mapping;
			sourceTree = "<group>";
		};
		1766A91E18B0E96200431658 /* objective_support */ = {
			isa = PBXGroup;
			children = (
				1766A91F18B0E96200431658 /* Core */,
				1766A93518B0E96200431658 /* Json */,
				1766A94318B0E96200431658 /* Serialization */,
			);
			path = objective_support;
			sourceTree = "<group>";
		};
		1766A91F18B0E96200431658 /* Core */ = {
			isa = PBXGroup;
			children = (
				1766A92018B0E96200431658 /* CoreSupport.h */,
				1766A92118B0E96200431658 /* Inflections */,
				1766A92A18B0E96200431658 /* NSData+Additions.h */,
				1766A92B18B0E96200431658 /* NSData+Additions.m */,
				1766A92C18B0E96200431658 /* NSObject+PropertySupport.h */,
				1766A92D18B0E96200431658 /* NSObject+PropertySupport.m */,
				1766A92E18B0E96200431658 /* NSString+GSub.h */,
				1766A92F18B0E96200431658 /* NSString+GSub.m */,
				1766A93018B0E96200431658 /* NSUserDefaults+CurrentUser.h */,
				1766A93118B0E96200431658 /* NSUserDefaults+CurrentUser.m */,
				1766A93218B0E96200431658 /* ObjectiveResourceDateFormatter.h */,
				1766A93318B0E96200431658 /* ObjectiveResourceDateFormatter.m */,
				1766A93418B0E96200431658 /* ObjectiveSupport.h */,
			);
			path = Core;
			sourceTree = "<group>";
		};
		1766A92118B0E96200431658 /* Inflections */ = {
			isa = PBXGroup;
			children = (
				1766A92218B0E96200431658 /* ActiveSupportInflector.h */,
				1766A92318B0E96200431658 /* ActiveSupportInflector.m */,
				1766A92418B0E96200431658 /* ActiveSupportInflector.plist */,
				1766A92718B0E96200431658 /* RegexKitLite-License.rtf */,
				1766A92818B0E96200431658 /* RegexKitLite.h */,
				1766A92918B0E96200431658 /* RegexKitLite.m */,
			);
			path = Inflections;
			sourceTree = "<group>";
		};
		1766A93518B0E96200431658 /* Json */ = {
			isa = PBXGroup;
			children = (
				1766A93618B0E96200431658 /* JSON.h */,
				1766A93718B0E96200431658 /* NSObject+SBJSON.h */,
				1766A93818B0E96200431658 /* NSObject+SBJSON.m */,
				1766A93918B0E96200431658 /* NSString+SBJSON.h */,
				1766A93A18B0E96200431658 /* NSString+SBJSON.m */,
				1766A93B18B0E96200431658 /* SBJSON.h */,
				1766A93C18B0E96200431658 /* SBJSON.m */,
				1766A93D18B0E96200431658 /* SBJsonBase.h */,
				1766A93E18B0E96200431658 /* SBJsonBase.m */,
				1766A93F18B0E96200431658 /* SBJsonParser.h */,
				1766A94018B0E96200431658 /* SBJsonParser.m */,
				1766A94118B0E96200431658 /* SBJsonWriter.h */,
				1766A94218B0E96200431658 /* SBJsonWriter.m */,
			);
			path = Json;
			sourceTree = "<group>";
		};
		1766A94318B0E96200431658 /* Serialization */ = {
			isa = PBXGroup;
			children = (
				1766A94418B0E96200431658 /* NSDate+Serialize.h */,
				1766A94518B0E96200431658 /* NSDate+Serialize.m */,
				1766A94618B0E96200431658 /* NSDictionary+KeyTranslation.h */,
				1766A94718B0E96200431658 /* NSDictionary+KeyTranslation.m */,
				1766A94818B0E96200431658 /* NSObject+Serialize.h */,
				1766A94918B0E96200431658 /* NSObject+Serialize.m */,
				1766A94A18B0E96200431658 /* NSString+Serialize.h */,
				1766A94B18B0E96200431658 /* NSString+Serialize.m */,
				1766A94C18B0E96200431658 /* Serialize.h */,
			);
			path = Serialization;
			sourceTree = "<group>";
		};
		177EA6AD18B0AD3D00B0730B = {
			isa = PBXGroup;
			children = (
				1766A91318B0E01900431658 /* ObjectMapper */,
				177EA6BB18B0AD3D00B0730B /* VWHTTPClient */,
				177EA6CF18B0AD3D00B0730B /* VWHTTPClientTests */,
				177EA6B818B0AD3D00B0730B /* Frameworks */,
				177EA6B718B0AD3D00B0730B /* Products */,
				C5638E0C0600447E92DDB4A3 /* Pods.xcconfig */,
			);
			sourceTree = "<group>";
		};
		177EA6B718B0AD3D00B0730B /* Products */ = {
			isa = PBXGroup;
			children = (
				177EA6B618B0AD3D00B0730B /* libVWHTTPClient.a */,
				177EA6C618B0AD3D00B0730B /* VWHTTPClientTests.xctest */,
			);
			name = Products;
			sourceTree = "<group>";
		};
		177EA6B818B0AD3D00B0730B /* Frameworks */ = {
			isa = PBXGroup;
			children = (
				177EA6B918B0AD3D00B0730B /* Foundation.framework */,
				177EA6C718B0AD3D00B0730B /* XCTest.framework */,
				177EA6CA18B0AD3D00B0730B /* UIKit.framework */,
				8F4638C1A9F54435940F4BB0 /* libPods.a */,
			);
			name = Frameworks;
			sourceTree = "<group>";
		};
		177EA6BB18B0AD3D00B0730B /* VWHTTPClient */ = {
			isa = PBXGroup;
			children = (
				1766A90518B0D29700431658 /* Serialization */,
				1766A90118B0D0AE00431658 /* NSURLConnection */,
				177EA6BE18B0AD3D00B0730B /* VWHTTPClient.h */,
				177EA6C018B0AD3D00B0730B /* VWHTTPClient.m */,
				1766A91218B0D47200431658 /* VWHTTPClientConstants.h */,
				1766A96218B0F4BB00431658 /* VWHTTPRestClientService.h */,
				1766A96318B0F4BB00431658 /* VWHTTPRestClientService.m */,
				177EA6BC18B0AD3D00B0730B /* Supporting Files */,
			);
			path = VWHTTPClient;
			sourceTree = "<group>";
		};
		177EA6BC18B0AD3D00B0730B /* Supporting Files */ = {
			isa = PBXGroup;
			children = (
				177EA6BD18B0AD3D00B0730B /* VWHTTPClient-Prefix.pch */,
			);
			name = "Supporting Files";
			sourceTree = "<group>";
		};
		177EA6CF18B0AD3D00B0730B /* VWHTTPClientTests */ = {
			isa = PBXGroup;
			children = (
				177EA6D518B0AD3D00B0730B /* VWHTTPClientTests.m */,
				177EA6D018B0AD3D00B0730B /* Supporting Files */,
			);
			path = VWHTTPClientTests;
			sourceTree = "<group>";
		};
		177EA6D018B0AD3D00B0730B /* Supporting Files */ = {
			isa = PBXGroup;
			children = (
				177EA6D118B0AD3D00B0730B /* VWHTTPClientTests-Info.plist */,
				177EA6D218B0AD3D00B0730B /* InfoPlist.strings */,
			);
			name = "Supporting Files";
			sourceTree = "<group>";
		};
/* End PBXGroup section */

/* Begin PBXNativeTarget section */
		177EA6B518B0AD3D00B0730B /* VWHTTPClient */ = {
			isa = PBXNativeTarget;
			buildConfigurationList = 177EA6D918B0AD3D00B0730B /* Build configuration list for PBXNativeTarget "VWHTTPClient" */;
			buildPhases = (
				C8ED2FB5EE2F4DD599EC6203 /* Check Pods Manifest.lock */,
				177EA6B218B0AD3D00B0730B /* Sources */,
				177EA6B318B0AD3D00B0730B /* Frameworks */,
				177EA6B418B0AD3D00B0730B /* CopyFiles */,
				D31D9A91B2CB42C197FAFF14 /* Copy Pods Resources */,
			);
			buildRules = (
			);
			dependencies = (
			);
			name = VWHTTPClient;
			productName = VWHTTPClient;
			productReference = 177EA6B618B0AD3D00B0730B /* libVWHTTPClient.a */;
			productType = "com.apple.product-type.library.static";
		};
		177EA6C518B0AD3D00B0730B /* VWHTTPClientTests */ = {
			isa = PBXNativeTarget;
			buildConfigurationList = 177EA6DC18B0AD3D00B0730B /* Build configuration list for PBXNativeTarget "VWHTTPClientTests" */;
			buildPhases = (
				177EA6C218B0AD3D00B0730B /* Sources */,
				177EA6C318B0AD3D00B0730B /* Frameworks */,
				177EA6C418B0AD3D00B0730B /* Resources */,
			);
			buildRules = (
			);
			dependencies = (
				177EA6CD18B0AD3D00B0730B /* PBXTargetDependency */,
			);
			name = VWHTTPClientTests;
			productName = VWHTTPClientTests;
			productReference = 177EA6C618B0AD3D00B0730B /* VWHTTPClientTests.xctest */;
			productType = "com.apple.product-type.bundle.unit-test";
		};
/* End PBXNativeTarget section */

/* Begin PBXProject section */
		177EA6AE18B0AD3D00B0730B /* Project object */ = {
			isa = PBXProject;
			attributes = {
				LastUpgradeCheck = 0500;
				ORGANIZATIONNAME = "VaporWare Solutions";
			};
			buildConfigurationList = 177EA6B118B0AD3D00B0730B /* Build configuration list for PBXProject "VWHTTPClient" */;
			compatibilityVersion = "Xcode 3.2";
			developmentRegion = English;
			hasScannedForEncodings = 0;
			knownRegions = (
				en,
			);
			mainGroup = 177EA6AD18B0AD3D00B0730B;
			productRefGroup = 177EA6B718B0AD3D00B0730B /* Products */;
			projectDirPath = "";
			projectRoot = "";
			targets = (
				177EA6B518B0AD3D00B0730B /* VWHTTPClient */,
				177EA6C518B0AD3D00B0730B /* VWHTTPClientTests */,
			);
		};
/* End PBXProject section */

/* Begin PBXResourcesBuildPhase section */
		177EA6C418B0AD3D00B0730B /* Resources */ = {
			isa = PBXResourcesBuildPhase;
			buildActionMask = 2147483647;
			files = (
				177EA6D418B0AD3D00B0730B /* InfoPlist.strings in Resources */,
			);
			runOnlyForDeploymentPostprocessing = 0;
		};
/* End PBXResourcesBuildPhase section */

/* Begin PBXShellScriptBuildPhase section */
		C8ED2FB5EE2F4DD599EC6203 /* Check Pods Manifest.lock */ = {
			isa = PBXShellScriptBuildPhase;
			buildActionMask = 2147483647;
			files = (
			);
			inputPaths = (
			);
			name = "Check Pods Manifest.lock";
			outputPaths = (
			);
			runOnlyForDeploymentPostprocessing = 0;
			shellPath = /bin/sh;
			shellScript = "diff \"${PODS_ROOT}/../Podfile.lock\" \"${PODS_ROOT}/Manifest.lock\" > /dev/null\nif [[ $? != 0 ]] ; then\n    cat << EOM\nerror: The sandbox is not in sync with the Podfile.lock. Run 'pod install' or update your CocoaPods installation.\nEOM\n    exit 1\nfi\n";
			showEnvVarsInLog = 0;
		};
		D31D9A91B2CB42C197FAFF14 /* Copy Pods Resources */ = {
			isa = PBXShellScriptBuildPhase;
			buildActionMask = 2147483647;
			files = (
			);
			inputPaths = (
			);
			name = "Copy Pods Resources";
			outputPaths = (
			);
			runOnlyForDeploymentPostprocessing = 0;
			shellPath = /bin/sh;
			shellScript = "\"${SRCROOT}/Pods/Pods-resources.sh\"\n";
			showEnvVarsInLog = 0;
		};
/* End PBXShellScriptBuildPhase section */

/* Begin PBXSourcesBuildPhase section */
		177EA6B218B0AD3D00B0730B /* Sources */ = {
			isa = PBXSourcesBuildPhase;
			buildActionMask = 2147483647;
			files = (
				1766A95118B0E96200431658 /* NSObject+PropertySupport.m in Sources */,
				1766A95A18B0E96200431658 /* SBJsonWriter.m in Sources */,
				1766A90418B0D0EA00431658 /* VWURLConnectionOperation.m in Sources */,
				1766A91718B0E03B00431658 /* VWObjectMapping.m in Sources */,
				1766A95518B0E96200431658 /* NSObject+SBJSON.m in Sources */,
				177EA6C118B0AD3D00B0730B /* VWHTTPClient.m in Sources */,
				1766A95018B0E96200431658 /* NSData+Additions.m in Sources */,
				1766A95618B0E96200431658 /* NSString+SBJSON.m in Sources */,
				1766A95E18B0E96200431658 /* NSString+Serialize.m in Sources */,
				1766A95418B0E96200431658 /* ObjectiveResourceDateFormatter.m in Sources */,
				1766A91D18B0E55300431658 /* VWObjectRelationShipMapping.m in Sources */,
				1766A95818B0E96200431658 /* SBJsonBase.m in Sources */,
				1766A95218B0E96200431658 /* NSString+GSub.m in Sources */,
				1766A96118B0EDD800431658 /* VWHTTPUploadRequestOperation.m in Sources */,
				1766A91118B0D41E00431658 /* VWHTTPDownloadRequestOperation.m in Sources */,
				1766A94F18B0E96200431658 /* RegexKitLite.m in Sources */,
				1766A90818B0D2C900431658 /* VWHTTPResponseSerializer.m in Sources */,
				1766A95918B0E96200431658 /* SBJsonParser.m in Sources */,
				1766A95718B0E96200431658 /* SBJSON.m in Sources */,
				1766A95C18B0E96200431658 /* NSDictionary+KeyTranslation.m in Sources */,
				1766A90E18B0D3F800431658 /* VWHTTPRequestOperation.m in Sources */,
				1766A95318B0E96200431658 /* NSUserDefaults+CurrentUser.m in Sources */,
				1766A90B18B0D34800431658 /* VWHTTPDownloadResponseSerializer.m in Sources */,
				1766A96418B0F4BB00431658 /* VWHTTPRestClientService.m in Sources */,
				1766A94D18B0E96200431658 /* ActiveSupportInflector.m in Sources */,
				1766A91A18B0E16C00431658 /* VWObjectAttributeMapping.m in Sources */,
				1766A95D18B0E96200431658 /* NSObject+Serialize.m in Sources */,
				1766A95B18B0E96200431658 /* NSDate+Serialize.m in Sources */,
			);
			runOnlyForDeploymentPostprocessing = 0;
		};
		177EA6C218B0AD3D00B0730B /* Sources */ = {
			isa = PBXSourcesBuildPhase;
			buildActionMask = 2147483647;
			files = (
				177EA6D618B0AD3D00B0730B /* VWHTTPClientTests.m in Sources */,
			);
			runOnlyForDeploymentPostprocessing = 0;
		};
/* End PBXSourcesBuildPhase section */

/* Begin PBXTargetDependency section */
		177EA6CD18B0AD3D00B0730B /* PBXTargetDependency */ = {
			isa = PBXTargetDependency;
			target = 177EA6B518B0AD3D00B0730B /* VWHTTPClient */;
			targetProxy = 177EA6CC18B0AD3D00B0730B /* PBXContainerItemProxy */;
		};
/* End PBXTargetDependency section */

/* Begin PBXVariantGroup section */
		177EA6D218B0AD3D00B0730B /* InfoPlist.strings */ = {
			isa = PBXVariantGroup;
			children = (
				177EA6D318B0AD3D00B0730B /* en */,
			);
			name = InfoPlist.strings;
			sourceTree = "<group>";
		};
/* End PBXVariantGroup section */

/* Begin XCBuildConfiguration section */
		177EA6D718B0AD3D00B0730B /* Debug */ = {
			isa = XCBuildConfiguration;
			buildSettings = {
				ALWAYS_SEARCH_USER_PATHS = NO;
				ARCHS = "$(ARCHS_STANDARD_INCLUDING_64_BIT)";
				CLANG_CXX_LANGUAGE_STANDARD = "gnu++0x";
				CLANG_CXX_LIBRARY = "libc++";
				CLANG_ENABLE_MODULES = YES;
				CLANG_ENABLE_OBJC_ARC = YES;
				CLANG_WARN_BOOL_CONVERSION = YES;
				CLANG_WARN_CONSTANT_CONVERSION = YES;
				CLANG_WARN_DIRECT_OBJC_ISA_USAGE = YES_ERROR;
				CLANG_WARN_EMPTY_BODY = YES;
				CLANG_WARN_ENUM_CONVERSION = YES;
				CLANG_WARN_INT_CONVERSION = YES;
				CLANG_WARN_OBJC_ROOT_CLASS = YES_ERROR;
				CLANG_WARN__DUPLICATE_METHOD_MATCH = YES;
				COPY_PHASE_STRIP = NO;
				GCC_C_LANGUAGE_STANDARD = gnu99;
				GCC_DYNAMIC_NO_PIC = NO;
				GCC_OPTIMIZATION_LEVEL = 0;
				GCC_PREPROCESSOR_DEFINITIONS = (
					"DEBUG=1",
					"$(inherited)",
				);
				GCC_SYMBOLS_PRIVATE_EXTERN = NO;
				GCC_WARN_64_TO_32_BIT_CONVERSION = YES;
				GCC_WARN_ABOUT_RETURN_TYPE = YES_ERROR;
				GCC_WARN_UNDECLARED_SELECTOR = YES;
				GCC_WARN_UNINITIALIZED_AUTOS = YES;
				GCC_WARN_UNUSED_FUNCTION = YES;
				GCC_WARN_UNUSED_VARIABLE = YES;
				IPHONEOS_DEPLOYMENT_TARGET = 7.0;
				ONLY_ACTIVE_ARCH = YES;
				SDKROOT = iphoneos;
			};
			name = Debug;
		};
		177EA6D818B0AD3D00B0730B /* Release */ = {
			isa = XCBuildConfiguration;
			buildSettings = {
				ALWAYS_SEARCH_USER_PATHS = NO;
				ARCHS = "$(ARCHS_STANDARD_INCLUDING_64_BIT)";
				CLANG_CXX_LANGUAGE_STANDARD = "gnu++0x";
				CLANG_CXX_LIBRARY = "libc++";
				CLANG_ENABLE_MODULES = YES;
				CLANG_ENABLE_OBJC_ARC = YES;
				CLANG_WARN_BOOL_CONVERSION = YES;
				CLANG_WARN_CONSTANT_CONVERSION = YES;
				CLANG_WARN_DIRECT_OBJC_ISA_USAGE = YES_ERROR;
				CLANG_WARN_EMPTY_BODY = YES;
				CLANG_WARN_ENUM_CONVERSION = YES;
				CLANG_WARN_INT_CONVERSION = YES;
				CLANG_WARN_OBJC_ROOT_CLASS = YES_ERROR;
				CLANG_WARN__DUPLICATE_METHOD_MATCH = YES;
				COPY_PHASE_STRIP = YES;
				ENABLE_NS_ASSERTIONS = NO;
				GCC_C_LANGUAGE_STANDARD = gnu99;
				GCC_WARN_64_TO_32_BIT_CONVERSION = YES;
				GCC_WARN_ABOUT_RETURN_TYPE = YES_ERROR;
				GCC_WARN_UNDECLARED_SELECTOR = YES;
				GCC_WARN_UNINITIALIZED_AUTOS = YES;
				GCC_WARN_UNUSED_FUNCTION = YES;
				GCC_WARN_UNUSED_VARIABLE = YES;
				IPHONEOS_DEPLOYMENT_TARGET = 7.0;
				SDKROOT = iphoneos;
				VALIDATE_PRODUCT = YES;
			};
			name = Release;
		};
		177EA6DA18B0AD3D00B0730B /* Debug */ = {
			isa = XCBuildConfiguration;
			baseConfigurationReference = C5638E0C0600447E92DDB4A3 /* Pods.xcconfig */;
			buildSettings = {
				DSTROOT = /tmp/VWHTTPClient.dst;
				GCC_PRECOMPILE_PREFIX_HEADER = YES;
				GCC_PREFIX_HEADER = "VWHTTPClient/VWHTTPClient-Prefix.pch";
				OTHER_LDFLAGS = "-ObjC";
				PRODUCT_NAME = "$(TARGET_NAME)";
				SKIP_INSTALL = YES;
			};
			name = Debug;
		};
		177EA6DB18B0AD3D00B0730B /* Release */ = {
			isa = XCBuildConfiguration;
			baseConfigurationReference = C5638E0C0600447E92DDB4A3 /* Pods.xcconfig */;
			buildSettings = {
				DSTROOT = /tmp/VWHTTPClient.dst;
				GCC_PRECOMPILE_PREFIX_HEADER = YES;
				GCC_PREFIX_HEADER = "VWHTTPClient/VWHTTPClient-Prefix.pch";
				OTHER_LDFLAGS = "-ObjC";
				PRODUCT_NAME = "$(TARGET_NAME)";
				SKIP_INSTALL = YES;
			};
			name = Release;
		};
		177EA6DD18B0AD3D00B0730B /* Debug */ = {
			isa = XCBuildConfiguration;
			buildSettings = {
				ARCHS = "$(ARCHS_STANDARD_INCLUDING_64_BIT)";
				FRAMEWORK_SEARCH_PATHS = (
					"$(SDKROOT)/Developer/Library/Frameworks",
					"$(inherited)",
					"$(DEVELOPER_FRAMEWORKS_DIR)",
				);
				GCC_PRECOMPILE_PREFIX_HEADER = YES;
				GCC_PREFIX_HEADER = "VWHTTPClient/VWHTTPClient-Prefix.pch";
				GCC_PREPROCESSOR_DEFINITIONS = (
					"DEBUG=1",
					"$(inherited)",
				);
				INFOPLIST_FILE = "VWHTTPClientTests/VWHTTPClientTests-Info.plist";
				PRODUCT_NAME = "$(TARGET_NAME)";
				WRAPPER_EXTENSION = xctest;
			};
			name = Debug;
		};
		177EA6DE18B0AD3D00B0730B /* Release */ = {
			isa = XCBuildConfiguration;
			buildSettings = {
				ARCHS = "$(ARCHS_STANDARD_INCLUDING_64_BIT)";
				FRAMEWORK_SEARCH_PATHS = (
					"$(SDKROOT)/Developer/Library/Frameworks",
					"$(inherited)",
					"$(DEVELOPER_FRAMEWORKS_DIR)",
				);
				GCC_PRECOMPILE_PREFIX_HEADER = YES;
				GCC_PREFIX_HEADER = "VWHTTPClient/VWHTTPClient-Prefix.pch";
				INFOPLIST_FILE = "VWHTTPClientTests/VWHTTPClientTests-Info.plist";
				PRODUCT_NAME = "$(TARGET_NAME)";
				WRAPPER_EXTENSION = xctest;
			};
			name = Release;
		};
/* End XCBuildConfiguration section */

/* Begin XCConfigurationList section */
		177EA6B118B0AD3D00B0730B /* Build configuration list for PBXProject "VWHTTPClient" */ = {
			isa = XCConfigurationList;
			buildConfigurations = (
				177EA6D718B0AD3D00B0730B /* Debug */,
				177EA6D818B0AD3D00B0730B /* Release */,
			);
			defaultConfigurationIsVisible = 0;
			defaultConfigurationName = Release;
		};
		177EA6D918B0AD3D00B0730B /* Build configuration list for PBXNativeTarget "VWHTTPClient" */ = {
			isa = XCConfigurationList;
			buildConfigurations = (
				177EA6DA18B0AD3D00B0730B /* Debug */,
				177EA6DB18B0AD3D00B0730B /* Release */,
			);
			defaultConfigurationIsVisible = 0;
			defaultConfigurationName = Release;
		};
		177EA6DC18B0AD3D00B0730B /* Build configuration list for PBXNativeTarget "VWHTTPClientTests" */ = {
			isa = XCConfigurationList;
			buildConfigurations = (
				177EA6DD18B0AD3D00B0730B /* Debug */,
				177EA6DE18B0AD3D00B0730B /* Release */,
			);
			defaultConfigurationIsVisible = 0;
			defaultConfigurationName = Release;
		};
/* End XCConfigurationList section */
	};
	rootObject = 177EA6AE18B0AD3D00B0730B /* Project object */;
}
